<?xml version="1.0" encoding="utf-8"?>
<Project ToolsVersion="4.0" xmlns="http://schemas.microsoft.com/developer/msbuild/2003">
  <ItemGroup>
    <Filter Include="소스 파일">
      <UniqueIdentifier>{4FC737F1-C7A5-4376-A066-2A32D752A2FF}</UniqueIdentifier>
      <Extensions>cpp;c;cc;cxx;def;odl;idl;hpj;bat;asm;asmx</Extensions>
    </Filter>
    <Filter Include="헤더 파일">
      <UniqueIdentifier>{93995380-89BD-4b04-88EB-625FBE52EBFB}</UniqueIdentifier>
      <Extensions>h;hh;hpp;hxx;hm;inl;inc;ipp;xsd</Extensions>
    </Filter>
    <Filter Include="리소스 파일">
      <UniqueIdentifier>{67DA6AB6-F800-4c08-8B7A-83BB121AAD01}</UniqueIdentifier>
      <Extensions>rc;ico;cur;bmp;dlg;rc2;rct;bin;rgs;gif;jpg;jpeg;jpe;resx;tiff;tif;png;wav;mfcribbon-ms</Extensions>
    </Filter>
  </ItemGroup>
  <ItemGroup>
    <ClCompile Include="..\..\..\..\Downloads\boj_algorithm-master\boj_algorithm\11400.cpp">
      <Filter>소스 파일</Filter>
    </ClCompile>
    <ClCompile Include="..\..\..\..\Downloads\boj_algorithm-master\boj_algorithm\12979.cpp">
      <Filter>소스 파일</Filter>
    </ClCompile>
    <ClCompile Include="..\..\..\..\Downloads\boj_algorithm-master\boj_algorithm\12993.cpp">
      <Filter>소스 파일</Filter>
    </ClCompile>
    <ClCompile Include="..\..\..\..\Downloads\boj_algorithm-master\boj_algorithm\13303.cpp">
      <Filter>소스 파일</Filter>
    </ClCompile>
    <ClCompile Include="..\..\..\..\Downloads\boj_algorithm-master\boj_algorithm\13306.cpp">
      <Filter>소스 파일</Filter>
    </ClCompile>
    <ClCompile Include="..\..\..\..\Downloads\boj_algorithm-master\boj_algorithm\13328.cpp">
      <Filter>소스 파일</Filter>
    </ClCompile>
    <ClCompile Include="..\..\..\..\Downloads\boj_algorithm-master\boj_algorithm\14952.cpp">
      <Filter>소스 파일</Filter>
    </ClCompile>
    <ClCompile Include="..\..\..\..\Downloads\boj_algorithm-master\boj_algorithm\14956.cpp">
      <Filter>소스 파일</Filter>
    </ClCompile>
    <ClCompile Include="..\..\..\..\Downloads\boj_algorithm-master\boj_algorithm\17203.cpp">
      <Filter>소스 파일</Filter>
    </ClCompile>
    <ClCompile Include="..\..\..\..\Downloads\boj_algorithm-master\boj_algorithm\17615.cpp">
      <Filter>소스 파일</Filter>
    </ClCompile>
    <ClCompile Include="..\..\..\..\Downloads\boj_algorithm-master\boj_algorithm\17616.cpp">
      <Filter>소스 파일</Filter>
    </ClCompile>
    <ClCompile Include="..\..\..\..\Downloads\boj_algorithm-master\boj_algorithm\17838.cpp">
      <Filter>소스 파일</Filter>
    </ClCompile>
    <ClCompile Include="..\..\..\..\Downloads\boj_algorithm-master\boj_algorithm\17839.cpp">
      <Filter>소스 파일</Filter>
    </ClCompile>
    <ClCompile Include="..\..\..\..\Downloads\boj_algorithm-master\boj_algorithm\17840.cpp">
      <Filter>소스 파일</Filter>
    </ClCompile>
    <ClCompile Include="..\..\..\..\Downloads\boj_algorithm-master\boj_algorithm\17842.cpp">
      <Filter>소스 파일</Filter>
    </ClCompile>
    <ClCompile Include="..\..\..\..\Downloads\boj_algorithm-master\boj_algorithm\17843.cpp">
      <Filter>소스 파일</Filter>
    </ClCompile>
    <ClCompile Include="..\..\..\..\Downloads\boj_algorithm-master\boj_algorithm\1120.cpp">
      <Filter>소스 파일</Filter>
    </ClCompile>
    <ClCompile Include="..\..\..\..\Downloads\boj_algorithm-master\boj_algorithm\1389.cpp">
      <Filter>소스 파일</Filter>
    </ClCompile>
    <ClCompile Include="..\..\..\..\Downloads\boj_algorithm-master\boj_algorithm\1708.cpp">
      <Filter>소스 파일</Filter>
    </ClCompile>
    <ClCompile Include="..\..\..\..\Downloads\boj_algorithm-master\boj_algorithm\1854.cpp">
      <Filter>소스 파일</Filter>
    </ClCompile>
    <ClCompile Include="..\..\..\..\Downloads\boj_algorithm-master\boj_algorithm\2629.cpp">
      <Filter>소스 파일</Filter>
    </ClCompile>
    <ClCompile Include="..\..\..\..\Downloads\boj_algorithm-master\boj_algorithm\4150.cpp">
      <Filter>소스 파일</Filter>
    </ClCompile>
    <ClCompile Include="..\..\..\..\Downloads\boj_algorithm-master\boj_algorithm\5568.cpp">
      <Filter>소스 파일</Filter>
    </ClCompile>
    <ClCompile Include="..\..\..\..\Downloads\boj_algorithm-master\boj_algorithm\5676.cpp">
      <Filter>소스 파일</Filter>
    </ClCompile>
    <ClCompile Include="..\..\..\..\Downloads\boj_algorithm-master\boj_algorithm\6439.cpp">
      <Filter>소스 파일</Filter>
    </ClCompile>
    <ClCompile Include="..\..\..\..\Downloads\boj_algorithm-master\boj_algorithm\10165.cpp">
      <Filter>소스 파일</Filter>
    </ClCompile>
    <ClCompile Include="..\..\..\..\Downloads\boj_algorithm-master\boj_algorithm\10254.cpp">
      <Filter>소스 파일</Filter>
    </ClCompile>
    <ClCompile Include="..\..\..\..\Downloads\boj_algorithm-master\boj_algorithm\10541.cpp">
      <Filter>소스 파일</Filter>
    </ClCompile>
    <ClCompile Include="..\..\..\..\Downloads\boj_algorithm-master\boj_algorithm\10834.cpp">
      <Filter>소스 파일</Filter>
    </ClCompile>
    <ClCompile Include="..\..\..\..\Downloads\boj_algorithm-master\boj_algorithm\10836.cpp">
      <Filter>소스 파일</Filter>
    </ClCompile>
    <ClCompile Include="..\..\..\..\Downloads\boj_algorithm-master\boj_algorithm\10838.cpp">
      <Filter>소스 파일</Filter>
    </ClCompile>
    <ClCompile Include="..\..\..\..\Downloads\boj_algorithm-master\boj_algorithm\10839.cpp">
      <Filter>소스 파일</Filter>
    </ClCompile>
    <ClCompile Include="..\..\..\..\Downloads\boj_algorithm-master\boj_algorithm\10840.cpp">
      <Filter>소스 파일</Filter>
    </ClCompile>
    <ClCompile Include="..\..\..\..\Downloads\boj_algorithm-master\boj_algorithm\11061.cpp">
      <Filter>소스 파일</Filter>
    </ClCompile>
    <ClCompile Include="..\..\..\..\Downloads\boj_algorithm-master\boj_algorithm\11066.cpp">
      <Filter>소스 파일</Filter>
    </ClCompile>
    <ClCompile Include="..\..\..\..\Downloads\boj_algorithm-master\boj_algorithm\11266.cpp">
      <Filter>소스 파일</Filter>
    </ClCompile>
    <ClCompile Include="18108.cpp">
      <Filter>소스 파일</Filter>
    </ClCompile>
    <ClCompile Include="4384.cpp">
      <Filter>소스 파일</Filter>
    </ClCompile>
    <ClCompile Include="10471.cpp">
      <Filter>소스 파일</Filter>
    </ClCompile>
    <ClCompile Include="1437.cpp">
      <Filter>소스 파일</Filter>
    </ClCompile>
    <ClCompile Include="1446.cpp">
      <Filter>소스 파일</Filter>
    </ClCompile>
    <ClCompile Include="2116.cpp">
      <Filter>소스 파일</Filter>
    </ClCompile>
    <ClCompile Include="11054.cpp">
      <Filter>소스 파일</Filter>
    </ClCompile>
  </ItemGroup>
</Project>