<?xml version="1.0" encoding="utf-8"?>
<Project ToolsVersion="4.0" xmlns="http://schemas.microsoft.com/developer/msbuild/2003">
  <ItemGroup>
    <Filter Include="소스 파일">
      <UniqueIdentifier>{4FC737F1-C7A5-4376-A066-2A32D752A2FF}</UniqueIdentifier>
      <Extensions>cpp;c;cc;cxx;def;odl;idl;hpj;bat;asm;asmx</Extensions>
    </Filter>
    <Filter Include="헤더 파일">
      <UniqueIdentifier>{93995380-89BD-4b04-88EB-625FBE52EBFB}</UniqueIdentifier>
      <Extensions>h;hh;hpp;hxx;hm;inl;inc;ipp;xsd</Extensions>
    </Filter>
    <Filter Include="리소스 파일">
      <UniqueIdentifier>{67DA6AB6-F800-4c08-8B7A-83BB121AAD01}</UniqueIdentifier>
      <Extensions>rc;ico;cur;bmp;dlg;rc2;rct;bin;rgs;gif;jpg;jpeg;jpe;resx;tiff;tif;png;wav;mfcribbon-ms</Extensions>
    </Filter>
  </ItemGroup>
  <ItemGroup>
    <ClCompile Include="18108.cpp">
      <Filter>소스 파일</Filter>
    </ClCompile>
    <ClCompile Include="4384.cpp">
      <Filter>소스 파일</Filter>
    </ClCompile>
    <ClCompile Include="10471.cpp">
      <Filter>소스 파일</Filter>
    </ClCompile>
    <ClCompile Include="1437.cpp">
      <Filter>소스 파일</Filter>
    </ClCompile>
    <ClCompile Include="1446.cpp">
      <Filter>소스 파일</Filter>
    </ClCompile>
    <ClCompile Include="2116.cpp">
      <Filter>소스 파일</Filter>
    </ClCompile>
    <ClCompile Include="11054.cpp">
      <Filter>소스 파일</Filter>
    </ClCompile>
    <ClCompile Include="2169.cpp">
      <Filter>소스 파일</Filter>
    </ClCompile>
    <ClCompile Include="9613.cpp">
      <Filter>소스 파일</Filter>
    </ClCompile>
    <ClCompile Include="2011.cpp">
      <Filter>소스 파일</Filter>
    </ClCompile>
    <ClCompile Include="1019.cpp">
      <Filter>소스 파일</Filter>
    </ClCompile>
    <ClCompile Include="10885.cpp">
      <Filter>소스 파일</Filter>
    </ClCompile>
    <ClCompile Include="11437.cpp">
      <Filter>소스 파일</Filter>
    </ClCompile>
    <ClCompile Include="2847.cpp">
      <Filter>소스 파일</Filter>
    </ClCompile>
    <ClCompile Include="1120.cpp">
      <Filter>소스 파일</Filter>
    </ClCompile>
    <ClCompile Include="1389.cpp">
      <Filter>소스 파일</Filter>
    </ClCompile>
    <ClCompile Include="1708.cpp">
      <Filter>소스 파일</Filter>
    </ClCompile>
    <ClCompile Include="1854.cpp">
      <Filter>소스 파일</Filter>
    </ClCompile>
    <ClCompile Include="2629.cpp">
      <Filter>소스 파일</Filter>
    </ClCompile>
    <ClCompile Include="4150.cpp">
      <Filter>소스 파일</Filter>
    </ClCompile>
    <ClCompile Include="5568.cpp">
      <Filter>소스 파일</Filter>
    </ClCompile>
    <ClCompile Include="5676.cpp">
      <Filter>소스 파일</Filter>
    </ClCompile>
    <ClCompile Include="6439.cpp">
      <Filter>소스 파일</Filter>
    </ClCompile>
    <ClCompile Include="10165.cpp">
      <Filter>소스 파일</Filter>
    </ClCompile>
    <ClCompile Include="10254.cpp">
      <Filter>소스 파일</Filter>
    </ClCompile>
    <ClCompile Include="10541.cpp">
      <Filter>소스 파일</Filter>
    </ClCompile>
    <ClCompile Include="10834.cpp">
      <Filter>소스 파일</Filter>
    </ClCompile>
    <ClCompile Include="10836.cpp">
      <Filter>소스 파일</Filter>
    </ClCompile>
    <ClCompile Include="10838.cpp">
      <Filter>소스 파일</Filter>
    </ClCompile>
    <ClCompile Include="10839.cpp">
      <Filter>소스 파일</Filter>
    </ClCompile>
    <ClCompile Include="10840.cpp">
      <Filter>소스 파일</Filter>
    </ClCompile>
    <ClCompile Include="11061.cpp">
      <Filter>소스 파일</Filter>
    </ClCompile>
    <ClCompile Include="11066.cpp">
      <Filter>소스 파일</Filter>
    </ClCompile>
    <ClCompile Include="11266.cpp">
      <Filter>소스 파일</Filter>
    </ClCompile>
    <ClCompile Include="11400.cpp">
      <Filter>소스 파일</Filter>
    </ClCompile>
    <ClCompile Include="12979.cpp">
      <Filter>소스 파일</Filter>
    </ClCompile>
    <ClCompile Include="12993.cpp">
      <Filter>소스 파일</Filter>
    </ClCompile>
    <ClCompile Include="13303.cpp">
      <Filter>소스 파일</Filter>
    </ClCompile>
    <ClCompile Include="13306.cpp">
      <Filter>소스 파일</Filter>
    </ClCompile>
    <ClCompile Include="13328.cpp">
      <Filter>소스 파일</Filter>
    </ClCompile>
    <ClCompile Include="14952.cpp">
      <Filter>소스 파일</Filter>
    </ClCompile>
    <ClCompile Include="14956.cpp">
      <Filter>소스 파일</Filter>
    </ClCompile>
    <ClCompile Include="17203.cpp">
      <Filter>소스 파일</Filter>
    </ClCompile>
    <ClCompile Include="17615.cpp">
      <Filter>소스 파일</Filter>
    </ClCompile>
    <ClCompile Include="17616.cpp">
      <Filter>소스 파일</Filter>
    </ClCompile>
    <ClCompile Include="17838.cpp">
      <Filter>소스 파일</Filter>
    </ClCompile>
    <ClCompile Include="17839.cpp">
      <Filter>소스 파일</Filter>
    </ClCompile>
    <ClCompile Include="17840.cpp">
      <Filter>소스 파일</Filter>
    </ClCompile>
    <ClCompile Include="17842.cpp">
      <Filter>소스 파일</Filter>
    </ClCompile>
    <ClCompile Include="17843.cpp">
      <Filter>소스 파일</Filter>
    </ClCompile>
    <ClCompile Include="17947.cpp">
      <Filter>소스 파일</Filter>
    </ClCompile>
    <ClCompile Include="2749.cpp">
      <Filter>소스 파일</Filter>
    </ClCompile>
    <ClCompile Include="12837.cpp">
      <Filter>소스 파일</Filter>
    </ClCompile>
    <ClCompile Include="9202.cpp">
      <Filter>소스 파일</Filter>
    </ClCompile>
    <ClCompile Include="1970.cpp">
      <Filter>소스 파일</Filter>
    </ClCompile>
    <ClCompile Include="11689.cpp">
      <Filter>소스 파일</Filter>
    </ClCompile>
    <ClCompile Include="1849.cpp">
      <Filter>소스 파일</Filter>
    </ClCompile>
    <ClCompile Include="8986.cpp">
      <Filter>소스 파일</Filter>
    </ClCompile>
    <ClCompile Include="11758.cpp">
      <Filter>소스 파일</Filter>
    </ClCompile>
    <ClCompile Include="2166.cpp">
      <Filter>소스 파일</Filter>
    </ClCompile>
    <ClCompile Include="11563.cpp">
      <Filter>소스 파일</Filter>
    </ClCompile>
    <ClCompile Include="10255.cpp">
      <Filter>소스 파일</Filter>
    </ClCompile>
    <ClCompile Include="9938.cpp">
      <Filter>소스 파일</Filter>
    </ClCompile>
    <ClCompile Include="3006.cpp">
      <Filter>소스 파일</Filter>
    </ClCompile>
    <ClCompile Include="4196.cpp">
      <Filter>소스 파일</Filter>
    </ClCompile>
    <ClCompile Include="17412.cpp">
      <Filter>소스 파일</Filter>
    </ClCompile>
    <ClCompile Include="3977.cpp">
      <Filter>소스 파일</Filter>
    </ClCompile>
    <ClCompile Include="11280.cpp">
      <Filter>소스 파일</Filter>
    </ClCompile>
    <ClCompile Include="11281.cpp">
      <Filter>소스 파일</Filter>
    </ClCompile>
    <ClCompile Include="2207.cpp">
      <Filter>소스 파일</Filter>
    </ClCompile>
    <ClCompile Include="16915.cpp">
      <Filter>소스 파일</Filter>
    </ClCompile>
    <ClCompile Include="1108.cpp">
      <Filter>소스 파일</Filter>
    </ClCompile>
    <ClCompile Include="2449.cpp">
      <Filter>소스 파일</Filter>
    </ClCompile>
    <ClCompile Include="14428.cpp">
      <Filter>소스 파일</Filter>
    </ClCompile>
    <ClCompile Include="17435.cpp">
      <Filter>소스 파일</Filter>
    </ClCompile>
    <ClCompile Include="14942.cpp">
      <Filter>소스 파일</Filter>
    </ClCompile>
    <ClCompile Include="2958.cpp">
      <Filter>소스 파일</Filter>
    </ClCompile>
    <ClCompile Include="12844.cpp">
      <Filter>소스 파일</Filter>
    </ClCompile>
    <ClCompile Include="11657.cpp">
      <Filter>소스 파일</Filter>
    </ClCompile>
    <ClCompile Include="2162.cpp">
      <Filter>소스 파일</Filter>
    </ClCompile>
    <ClCompile Include="3648.cpp">
      <Filter>소스 파일</Filter>
    </ClCompile>
    <ClCompile Include="16367.cpp">
      <Filter>소스 파일</Filter>
    </ClCompile>
    <ClCompile Include="1520.cpp">
      <Filter>소스 파일</Filter>
    </ClCompile>
    <ClCompile Include="1949.cpp">
      <Filter>소스 파일</Filter>
    </ClCompile>
    <ClCompile Include="16638.cpp">
      <Filter>소스 파일</Filter>
    </ClCompile>
    <ClCompile Include="7662.cpp">
      <Filter>소스 파일</Filter>
    </ClCompile>
    <ClCompile Include="2505.cpp">
      <Filter>소스 파일</Filter>
    </ClCompile>
    <ClCompile Include="14868.cpp">
      <Filter>소스 파일</Filter>
    </ClCompile>
    <ClCompile Include="2191.cpp">
      <Filter>소스 파일</Filter>
    </ClCompile>
    <ClCompile Include="1201.cpp">
      <Filter>소스 파일</Filter>
    </ClCompile>
    <ClCompile Include="1671.cpp">
      <Filter>소스 파일</Filter>
    </ClCompile>
    <ClCompile Include="18859.cpp">
      <Filter>소스 파일</Filter>
    </ClCompile>
    <ClCompile Include="11046.cpp">
      <Filter>소스 파일</Filter>
    </ClCompile>
    <ClCompile Include="3172.cpp">
      <Filter>소스 파일</Filter>
    </ClCompile>
    <ClCompile Include="13264.cpp">
      <Filter>소스 파일</Filter>
    </ClCompile>
    <ClCompile Include="18138.cpp">
      <Filter>소스 파일</Filter>
    </ClCompile>
  </ItemGroup>
</Project>